// !$*UTF8*$!
{
	archiveVersion = 1;
	classes = {
	};
	objectVersion = 55;
	objects = {

/* Begin PBXBuildFile section */
		530D29C8298CFD2800295600 /* DatabaseManager.swift in Sources */ = {isa = PBXBuildFile; fileRef = 530D29C7298CFD2800295600 /* DatabaseManager.swift */; };
		530D29CA298D054600295600 /* UIViewControllerExtension.swift in Sources */ = {isa = PBXBuildFile; fileRef = 530D29C9298D054600295600 /* UIViewControllerExtension.swift */; };
		A200C2322853EE9C00636378 /* QuestionsScore.swift in Sources */ = {isa = PBXBuildFile; fileRef = A200C2312853EE9C00636378 /* QuestionsScore.swift */; };
		A200C235285424EB00636378 /* SurveyTableViewCell.swift in Sources */ = {isa = PBXBuildFile; fileRef = A200C234285424EB00636378 /* SurveyTableViewCell.swift */; };
		A200C239285427C600636378 /* PatientProfileViewController.swift in Sources */ = {isa = PBXBuildFile; fileRef = A200C238285427C600636378 /* PatientProfileViewController.swift */; };
		A225B8622880CC0C0074FFC4 /* Settings.swift in Sources */ = {isa = PBXBuildFile; fileRef = A225B8612880CC0C0074FFC4 /* Settings.swift */; };
		A22CA438284A9C35003CFF7D /* CreateProvider.swift in Sources */ = {isa = PBXBuildFile; fileRef = A22CA437284A9C35003CFF7D /* CreateProvider.swift */; };
		A23792772825706300C3A58B /* SupportViewController.swift in Sources */ = {isa = PBXBuildFile; fileRef = A23792762825706300C3A58B /* SupportViewController.swift */; };
		A240768C281DC4C100BBAE66 /* PatientScan.swift in Sources */ = {isa = PBXBuildFile; fileRef = A240768B281DC4C100BBAE66 /* PatientScan.swift */; };
		A2407691281DCC5500BBAE66 /* ScansTableViewCell.swift in Sources */ = {isa = PBXBuildFile; fileRef = A2407690281DCC5500BBAE66 /* ScansTableViewCell.swift */; };
		A245F9E72800CFAE002EBE23 /* ViewController.swift in Sources */ = {isa = PBXBuildFile; fileRef = A245F9E62800CFAE002EBE23 /* ViewController.swift */; };
		A246C7E927DA9068003D4D69 /* PatientProfile.swift in Sources */ = {isa = PBXBuildFile; fileRef = A246C7E827DA9068003D4D69 /* PatientProfile.swift */; };
		A24F0EEA27DC1478004FD6B3 /* QuestionsViewController.swift in Sources */ = {isa = PBXBuildFile; fileRef = A24F0EE927DC1478004FD6B3 /* QuestionsViewController.swift */; };
		A24F0EEE27DC150D004FD6B3 /* QuestionsViewCell.swift in Sources */ = {isa = PBXBuildFile; fileRef = A24F0EED27DC150D004FD6B3 /* QuestionsViewCell.swift */; };
		A24F0EF027DC1526004FD6B3 /* Questions.swift in Sources */ = {isa = PBXBuildFile; fileRef = A24F0EEF27DC1526004FD6B3 /* Questions.swift */; };
		A25706C827CFDDD400C4A319 /* db.swift in Sources */ = {isa = PBXBuildFile; fileRef = A25706C727CFDDD400C4A319 /* db.swift */; };
		A2679E992908717500E686B4 /* Calculations.swift in Sources */ = {isa = PBXBuildFile; fileRef = A2679E982908717500E686B4 /* Calculations.swift */; };
		A26B2E9D27C6BF9E00938DB1 /* AppDelegate.swift in Sources */ = {isa = PBXBuildFile; fileRef = A26B2E9C27C6BF9E00938DB1 /* AppDelegate.swift */; };
		A26B2E9F27C6BF9E00938DB1 /* SceneDelegate.swift in Sources */ = {isa = PBXBuildFile; fileRef = A26B2E9E27C6BF9E00938DB1 /* SceneDelegate.swift */; };
		A26B2EA127C6BF9E00938DB1 /* LoginViewController.swift in Sources */ = {isa = PBXBuildFile; fileRef = A26B2EA027C6BF9E00938DB1 /* LoginViewController.swift */; };
		A26B2EA627C6BF9F00938DB1 /* Assets.xcassets in Resources */ = {isa = PBXBuildFile; fileRef = A26B2EA527C6BF9F00938DB1 /* Assets.xcassets */; };
		A26B2EB427C6BF9F00938DB1 /* UprightTests.swift in Sources */ = {isa = PBXBuildFile; fileRef = A26B2EB327C6BF9F00938DB1 /* UprightTests.swift */; };
		A26B2EBE27C6BF9F00938DB1 /* UprightUITests.swift in Sources */ = {isa = PBXBuildFile; fileRef = A26B2EBD27C6BF9F00938DB1 /* UprightUITests.swift */; };
		A26B2EC027C6BF9F00938DB1 /* UprightUITestsLaunchTests.swift in Sources */ = {isa = PBXBuildFile; fileRef = A26B2EBF27C6BF9F00938DB1 /* UprightUITestsLaunchTests.swift */; };
		A26B2ECD27C6DAFB00938DB1 /* GradientView.swift in Sources */ = {isa = PBXBuildFile; fileRef = A26B2ECC27C6DAFB00938DB1 /* GradientView.swift */; };
		A27E5DDE27C98DDA004C790D /* PostgresClientKit in Frameworks */ = {isa = PBXBuildFile; productRef = A27E5DDD27C98DDA004C790D /* PostgresClientKit */; };
		A27E5DE027CEAE28004C790D /* HomeViewController.swift in Sources */ = {isa = PBXBuildFile; fileRef = A27E5DDF27CEAE28004C790D /* HomeViewController.swift */; };
		A280897A27D27DBD00C79920 /* Patient.swift in Sources */ = {isa = PBXBuildFile; fileRef = A280897927D27DBD00C79920 /* Patient.swift */; };
		A280897C27D27E4000C79920 /* CreatePatient.swift in Sources */ = {isa = PBXBuildFile; fileRef = A280897B27D27E4000C79920 /* CreatePatient.swift */; };
		A280897E27D2AE8000C79920 /* AppViewController.swift in Sources */ = {isa = PBXBuildFile; fileRef = A280897D27D2AE8000C79920 /* AppViewController.swift */; };
		A280898227D6B28A00C79920 /* PatientSearchViewController.swift in Sources */ = {isa = PBXBuildFile; fileRef = A280898127D6B28A00C79920 /* PatientSearchViewController.swift */; };
		A280898427D6B31400C79920 /* PatientSearchViewCell.swift in Sources */ = {isa = PBXBuildFile; fileRef = A280898327D6B31400C79920 /* PatientSearchViewCell.swift */; };
		A280898627D7CC5B00C79920 /* PatientSearch.swift in Sources */ = {isa = PBXBuildFile; fileRef = A280898527D7CC5B00C79920 /* PatientSearch.swift */; };
		A28BA341287CA32F00E291B6 /* HomeViewModel.swift in Sources */ = {isa = PBXBuildFile; fileRef = A28BA340287CA32F00E291B6 /* HomeViewModel.swift */; };
		A28BA344287E03AA00E291B6 /* supportTableCell.swift in Sources */ = {isa = PBXBuildFile; fileRef = A28BA343287E03AA00E291B6 /* supportTableCell.swift */; };
		A28BA346287E1C4600E291B6 /* Support.swift in Sources */ = {isa = PBXBuildFile; fileRef = A28BA345287E1C4600E291B6 /* Support.swift */; };
		A28BA348287F46B900E291B6 /* NSAttributedString.swift in Sources */ = {isa = PBXBuildFile; fileRef = A28BA347287F46B900E291B6 /* NSAttributedString.swift */; };
		A294CCF027EBC8B400E46414 /* BaseViewController.swift in Sources */ = {isa = PBXBuildFile; fileRef = A294CCEF27EBC8B400E46414 /* BaseViewController.swift */; };
		A294CCF427ECCA8C00E46414 /* ScanControllsViewController.swift in Sources */ = {isa = PBXBuildFile; fileRef = A294CCF327ECCA8C00E46414 /* ScanControllsViewController.swift */; };
		A2ADE32A288873520050BCBB /* ControllerTableViewCell.swift in Sources */ = {isa = PBXBuildFile; fileRef = A2ADE329288873520050BCBB /* ControllerTableViewCell.swift */; };
		A2ADE32C28887DA60050BCBB /* Patients.swift in Sources */ = {isa = PBXBuildFile; fileRef = A2ADE32B28887DA60050BCBB /* Patients.swift */; };
		A2B0C7EA27D1324F0020C14D /* Provider.swift in Sources */ = {isa = PBXBuildFile; fileRef = A2B0C7E927D1324F0020C14D /* Provider.swift */; };
		A2B47116289C2DE100608CFD /* Scans.swift in Sources */ = {isa = PBXBuildFile; fileRef = A2B47115289C2DE100608CFD /* Scans.swift */; };
		A2B4711A289C802600608CFD /* scanHistoryTableViewCell.swift in Sources */ = {isa = PBXBuildFile; fileRef = A2B47119289C802600608CFD /* scanHistoryTableViewCell.swift */; };
		A2B5EA90284EC4EB00F8ADCB /* LoginView.swift in Sources */ = {isa = PBXBuildFile; fileRef = A2B5EA8F284EC4EB00F8ADCB /* LoginView.swift */; };
		A2B5EA93284EFB8C00F8ADCB /* Organization.swift in Sources */ = {isa = PBXBuildFile; fileRef = A2B5EA92284EFB8C00F8ADCB /* Organization.swift */; };
		A2B63EF52880844B003BA799 /* LinkUILabel.swift in Sources */ = {isa = PBXBuildFile; fileRef = A2B63EF42880844B003BA799 /* LinkUILabel.swift */; };
		A2B6CC2F27CEE055001F9012 /* RoundImageView.swift in Sources */ = {isa = PBXBuildFile; fileRef = A2B6CC2E27CEE055001F9012 /* RoundImageView.swift */; };
		A2BB2D7027FE45A9002F847E /* BLEManager.swift in Sources */ = {isa = PBXBuildFile; fileRef = A2BB2D6F27FE45A9002F847E /* BLEManager.swift */; };
		A2DAC7BD2847F8FF00938CC3 /* CreateProviderView.swift in Sources */ = {isa = PBXBuildFile; fileRef = A2DAC7BC2847F8FF00938CC3 /* CreateProviderView.swift */; };
		A2DC1F7A2863C32700ED9027 /* ScanController.swift in Sources */ = {isa = PBXBuildFile; fileRef = A2DC1F792863C32700ED9027 /* ScanController.swift */; };
		A2DC1F7C28643C4300ED9027 /* ConstantIds.swift in Sources */ = {isa = PBXBuildFile; fileRef = A2DC1F7B28643C4300ED9027 /* ConstantIds.swift */; };
		A2E318C32830272700D9DEE5 /* scan.swift in Sources */ = {isa = PBXBuildFile; fileRef = A2E318C22830272700D9DEE5 /* scan.swift */; };
		A2FF08AA27E53EFB00E12F06 /* DropShadow.swift in Sources */ = {isa = PBXBuildFile; fileRef = A2FF08A927E53EFB00E12F06 /* DropShadow.swift */; };
		A844DB7C298FC19C00133360 /* Colors.swift in Sources */ = {isa = PBXBuildFile; fileRef = A844DB7B298FC19C00133360 /* Colors.swift */; };
		A844DB80298FC23900133360 /* ColorExtension.swift in Sources */ = {isa = PBXBuildFile; fileRef = A844DB7F298FC23900133360 /* ColorExtension.swift */; };
		A844DB822990269200133360 /* RoundUIView.swift in Sources */ = {isa = PBXBuildFile; fileRef = A844DB812990269200133360 /* RoundUIView.swift */; };
		A880FAA0299E006300D23F6E /* VSIReportViewController.storyboard in Resources */ = {isa = PBXBuildFile; fileRef = A880FA8A299E006300D23F6E /* VSIReportViewController.storyboard */; };
		A880FAA1299E006300D23F6E /* VSIReportViewController.swift in Sources */ = {isa = PBXBuildFile; fileRef = A880FA8B299E006300D23F6E /* VSIReportViewController.swift */; };
		A880FAA2299E006300D23F6E /* VSIReportImageCollectionViewCell.swift in Sources */ = {isa = PBXBuildFile; fileRef = A880FA8E299E006300D23F6E /* VSIReportImageCollectionViewCell.swift */; };
		A880FAA3299E006300D23F6E /* VSIReportHeaderView.xib in Resources */ = {isa = PBXBuildFile; fileRef = A880FA90299E006300D23F6E /* VSIReportHeaderView.xib */; };
		A880FAA4299E006300D23F6E /* VSIReportHeaderView.swift in Sources */ = {isa = PBXBuildFile; fileRef = A880FA91299E006300D23F6E /* VSIReportHeaderView.swift */; };
		A880FAA5299E006300D23F6E /* DeltaTableViewCell.swift in Sources */ = {isa = PBXBuildFile; fileRef = A880FA92299E006300D23F6E /* DeltaTableViewCell.swift */; };
		A880FAA6299E006300D23F6E /* DeviationTableViewCell.swift in Sources */ = {isa = PBXBuildFile; fileRef = A880FA93299E006300D23F6E /* DeviationTableViewCell.swift */; };
		A880FAA7299E006300D23F6E /* VSIReportFooterCell.swift in Sources */ = {isa = PBXBuildFile; fileRef = A880FA95299E006300D23F6E /* VSIReportFooterCell.swift */; };
		A880FAA8299E006300D23F6E /* VSIReportFooterCell.xib in Resources */ = {isa = PBXBuildFile; fileRef = A880FA96299E006300D23F6E /* VSIReportFooterCell.xib */; };
		A880FAA9299E006300D23F6E /* VSIReportTopHeaderViewCell.xib in Resources */ = {isa = PBXBuildFile; fileRef = A880FA98299E006300D23F6E /* VSIReportTopHeaderViewCell.xib */; };
		A880FAAA299E006300D23F6E /* VSIReportTopHeaderViewCell.swift in Sources */ = {isa = PBXBuildFile; fileRef = A880FA99299E006300D23F6E /* VSIReportTopHeaderViewCell.swift */; };
		A880FAAB299E006300D23F6E /* DataTableViewCell.swift in Sources */ = {isa = PBXBuildFile; fileRef = A880FA9A299E006300D23F6E /* DataTableViewCell.swift */; };
		A880FAAC299E006300D23F6E /* VSIReportViewModel.swift.swift in Sources */ = {isa = PBXBuildFile; fileRef = A880FA9C299E006300D23F6E /* VSIReportViewModel.swift.swift */; };
		A880FAAD299E006300D23F6E /* VSIReportInfoModel.swift in Sources */ = {isa = PBXBuildFile; fileRef = A880FA9D299E006300D23F6E /* VSIReportInfoModel.swift */; };
		A880FAAE299E006300D23F6E /* VSIReportModel.swift in Sources */ = {isa = PBXBuildFile; fileRef = A880FA9E299E006300D23F6E /* VSIReportModel.swift */; };
		A880FAAF299E006300D23F6E /* VSIReportCellModel.swift in Sources */ = {isa = PBXBuildFile; fileRef = A880FA9F299E006300D23F6E /* VSIReportCellModel.swift */; };
		A882714F2993701C0059EF36 /* ImageViewExtension.swift in Sources */ = {isa = PBXBuildFile; fileRef = A882714E2993701C0059EF36 /* ImageViewExtension.swift */; };
		A89EBF49298A790A00DD7B08 /* LaunchScreen.storyboard in Resources */ = {isa = PBXBuildFile; fileRef = A89EBF45298A790A00DD7B08 /* LaunchScreen.storyboard */; };
		A89EBF4A298A790A00DD7B08 /* Main.storyboard in Resources */ = {isa = PBXBuildFile; fileRef = A89EBF47298A790A00DD7B08 /* Main.storyboard */; };
		A8D53E5E298F9BA300692E2F /* AddSuportVideoViewController.storyboard in Resources */ = {isa = PBXBuildFile; fileRef = A8D53E5D298F9BA300692E2F /* AddSuportVideoViewController.storyboard */; };
		A8D53E60298F9BC500692E2F /* AddSupportVideoViewController.swift in Sources */ = {isa = PBXBuildFile; fileRef = A8D53E5F298F9BC500692E2F /* AddSupportVideoViewController.swift */; };
/* End PBXBuildFile section */

/* Begin PBXContainerItemProxy section */
		A26B2EB027C6BF9F00938DB1 /* PBXContainerItemProxy */ = {
			isa = PBXContainerItemProxy;
			containerPortal = A26B2E9127C6BF9E00938DB1 /* Project object */;
			proxyType = 1;
			remoteGlobalIDString = A26B2E9827C6BF9E00938DB1;
			remoteInfo = Upright;
		};
		A26B2EBA27C6BF9F00938DB1 /* PBXContainerItemProxy */ = {
			isa = PBXContainerItemProxy;
			containerPortal = A26B2E9127C6BF9E00938DB1 /* Project object */;
			proxyType = 1;
			remoteGlobalIDString = A26B2E9827C6BF9E00938DB1;
			remoteInfo = Upright;
		};
/* End PBXContainerItemProxy section */

/* Begin PBXCopyFilesBuildPhase section */
		A27E5DD827C9801A004C790D /* Embed Frameworks */ = {
			isa = PBXCopyFilesBuildPhase;
			buildActionMask = 2147483647;
			dstPath = "";
			dstSubfolderSpec = 10;
			files = (
			);
			name = "Embed Frameworks";
			runOnlyForDeploymentPostprocessing = 0;
		};
/* End PBXCopyFilesBuildPhase section */

/* Begin PBXFileReference section */
		530D29C7298CFD2800295600 /* DatabaseManager.swift */ = {isa = PBXFileReference; lastKnownFileType = sourcecode.swift; path = DatabaseManager.swift; sourceTree = "<group>"; };
		530D29C9298D054600295600 /* UIViewControllerExtension.swift */ = {isa = PBXFileReference; lastKnownFileType = sourcecode.swift; path = UIViewControllerExtension.swift; sourceTree = "<group>"; };
		A200C2312853EE9C00636378 /* QuestionsScore.swift */ = {isa = PBXFileReference; lastKnownFileType = sourcecode.swift; path = QuestionsScore.swift; sourceTree = "<group>"; };
		A200C234285424EB00636378 /* SurveyTableViewCell.swift */ = {isa = PBXFileReference; lastKnownFileType = sourcecode.swift; path = SurveyTableViewCell.swift; sourceTree = "<group>"; };
		A200C238285427C600636378 /* PatientProfileViewController.swift */ = {isa = PBXFileReference; fileEncoding = 4; lastKnownFileType = sourcecode.swift; path = PatientProfileViewController.swift; sourceTree = "<group>"; };
		A225B8612880CC0C0074FFC4 /* Settings.swift */ = {isa = PBXFileReference; lastKnownFileType = sourcecode.swift; path = Settings.swift; sourceTree = "<group>"; };
		A22CA437284A9C35003CFF7D /* CreateProvider.swift */ = {isa = PBXFileReference; lastKnownFileType = sourcecode.swift; path = CreateProvider.swift; sourceTree = "<group>"; };
		A23792762825706300C3A58B /* SupportViewController.swift */ = {isa = PBXFileReference; lastKnownFileType = sourcecode.swift; path = SupportViewController.swift; sourceTree = "<group>"; };
		A240768B281DC4C100BBAE66 /* PatientScan.swift */ = {isa = PBXFileReference; lastKnownFileType = sourcecode.swift; path = PatientScan.swift; sourceTree = "<group>"; };
		A2407690281DCC5500BBAE66 /* ScansTableViewCell.swift */ = {isa = PBXFileReference; lastKnownFileType = sourcecode.swift; path = ScansTableViewCell.swift; sourceTree = "<group>"; };
		A245F9E62800CFAE002EBE23 /* ViewController.swift */ = {isa = PBXFileReference; lastKnownFileType = sourcecode.swift; path = ViewController.swift; sourceTree = "<group>"; };
		A246C7E827DA9068003D4D69 /* PatientProfile.swift */ = {isa = PBXFileReference; lastKnownFileType = sourcecode.swift; path = PatientProfile.swift; sourceTree = "<group>"; };
		A24F0EE927DC1478004FD6B3 /* QuestionsViewController.swift */ = {isa = PBXFileReference; lastKnownFileType = sourcecode.swift; path = QuestionsViewController.swift; sourceTree = "<group>"; };
		A24F0EED27DC150D004FD6B3 /* QuestionsViewCell.swift */ = {isa = PBXFileReference; lastKnownFileType = sourcecode.swift; path = QuestionsViewCell.swift; sourceTree = "<group>"; };
		A24F0EEF27DC1526004FD6B3 /* Questions.swift */ = {isa = PBXFileReference; lastKnownFileType = sourcecode.swift; path = Questions.swift; sourceTree = "<group>"; };
		A25706C727CFDDD400C4A319 /* db.swift */ = {isa = PBXFileReference; lastKnownFileType = sourcecode.swift; path = db.swift; sourceTree = "<group>"; };
		A2679E982908717500E686B4 /* Calculations.swift */ = {isa = PBXFileReference; lastKnownFileType = sourcecode.swift; path = Calculations.swift; sourceTree = "<group>"; };
		A26B2E9927C6BF9E00938DB1 /* Upright.app */ = {isa = PBXFileReference; explicitFileType = wrapper.application; includeInIndex = 0; path = Upright.app; sourceTree = BUILT_PRODUCTS_DIR; };
		A26B2E9C27C6BF9E00938DB1 /* AppDelegate.swift */ = {isa = PBXFileReference; lastKnownFileType = sourcecode.swift; path = AppDelegate.swift; sourceTree = "<group>"; };
		A26B2E9E27C6BF9E00938DB1 /* SceneDelegate.swift */ = {isa = PBXFileReference; lastKnownFileType = sourcecode.swift; path = SceneDelegate.swift; sourceTree = "<group>"; };
		A26B2EA027C6BF9E00938DB1 /* LoginViewController.swift */ = {isa = PBXFileReference; lastKnownFileType = sourcecode.swift; path = LoginViewController.swift; sourceTree = "<group>"; };
		A26B2EA527C6BF9F00938DB1 /* Assets.xcassets */ = {isa = PBXFileReference; lastKnownFileType = folder.assetcatalog; path = Assets.xcassets; sourceTree = "<group>"; };
		A26B2EAA27C6BF9F00938DB1 /* Info.plist */ = {isa = PBXFileReference; lastKnownFileType = text.plist.xml; path = Info.plist; sourceTree = "<group>"; };
		A26B2EAF27C6BF9F00938DB1 /* UprightTests.xctest */ = {isa = PBXFileReference; explicitFileType = wrapper.cfbundle; includeInIndex = 0; path = UprightTests.xctest; sourceTree = BUILT_PRODUCTS_DIR; };
		A26B2EB327C6BF9F00938DB1 /* UprightTests.swift */ = {isa = PBXFileReference; lastKnownFileType = sourcecode.swift; path = UprightTests.swift; sourceTree = "<group>"; };
		A26B2EB927C6BF9F00938DB1 /* UprightUITests.xctest */ = {isa = PBXFileReference; explicitFileType = wrapper.cfbundle; includeInIndex = 0; path = UprightUITests.xctest; sourceTree = BUILT_PRODUCTS_DIR; };
		A26B2EBD27C6BF9F00938DB1 /* UprightUITests.swift */ = {isa = PBXFileReference; lastKnownFileType = sourcecode.swift; path = UprightUITests.swift; sourceTree = "<group>"; };
		A26B2EBF27C6BF9F00938DB1 /* UprightUITestsLaunchTests.swift */ = {isa = PBXFileReference; lastKnownFileType = sourcecode.swift; path = UprightUITestsLaunchTests.swift; sourceTree = "<group>"; };
		A26B2ECC27C6DAFB00938DB1 /* GradientView.swift */ = {isa = PBXFileReference; lastKnownFileType = sourcecode.swift; path = GradientView.swift; sourceTree = "<group>"; };
		A27E5DC027C943F4004C790D /* Upright-Bridging-Header.h */ = {isa = PBXFileReference; lastKnownFileType = sourcecode.c.h; path = "Upright-Bridging-Header.h"; sourceTree = "<group>"; };
		A27E5DDF27CEAE28004C790D /* HomeViewController.swift */ = {isa = PBXFileReference; lastKnownFileType = sourcecode.swift; path = HomeViewController.swift; sourceTree = "<group>"; };
		A280897927D27DBD00C79920 /* Patient.swift */ = {isa = PBXFileReference; lastKnownFileType = sourcecode.swift; path = Patient.swift; sourceTree = "<group>"; };
		A280897B27D27E4000C79920 /* CreatePatient.swift */ = {isa = PBXFileReference; lastKnownFileType = sourcecode.swift; path = CreatePatient.swift; sourceTree = "<group>"; };
		A280897D27D2AE8000C79920 /* AppViewController.swift */ = {isa = PBXFileReference; lastKnownFileType = sourcecode.swift; path = AppViewController.swift; sourceTree = "<group>"; };
		A280898127D6B28A00C79920 /* PatientSearchViewController.swift */ = {isa = PBXFileReference; lastKnownFileType = sourcecode.swift; path = PatientSearchViewController.swift; sourceTree = "<group>"; };
		A280898327D6B31400C79920 /* PatientSearchViewCell.swift */ = {isa = PBXFileReference; lastKnownFileType = sourcecode.swift; path = PatientSearchViewCell.swift; sourceTree = "<group>"; };
		A280898527D7CC5B00C79920 /* PatientSearch.swift */ = {isa = PBXFileReference; lastKnownFileType = sourcecode.swift; path = PatientSearch.swift; sourceTree = "<group>"; };
		A28BA340287CA32F00E291B6 /* HomeViewModel.swift */ = {isa = PBXFileReference; lastKnownFileType = sourcecode.swift; path = HomeViewModel.swift; sourceTree = "<group>"; };
		A28BA343287E03AA00E291B6 /* supportTableCell.swift */ = {isa = PBXFileReference; lastKnownFileType = sourcecode.swift; path = supportTableCell.swift; sourceTree = "<group>"; };
		A28BA345287E1C4600E291B6 /* Support.swift */ = {isa = PBXFileReference; lastKnownFileType = sourcecode.swift; path = Support.swift; sourceTree = "<group>"; };
		A28BA347287F46B900E291B6 /* NSAttributedString.swift */ = {isa = PBXFileReference; lastKnownFileType = sourcecode.swift; path = NSAttributedString.swift; sourceTree = "<group>"; };
		A294CCEF27EBC8B400E46414 /* BaseViewController.swift */ = {isa = PBXFileReference; lastKnownFileType = sourcecode.swift; path = BaseViewController.swift; sourceTree = "<group>"; };
		A294CCF327ECCA8C00E46414 /* ScanControllsViewController.swift */ = {isa = PBXFileReference; lastKnownFileType = sourcecode.swift; path = ScanControllsViewController.swift; sourceTree = "<group>"; };
		A2ADE329288873520050BCBB /* ControllerTableViewCell.swift */ = {isa = PBXFileReference; lastKnownFileType = sourcecode.swift; path = ControllerTableViewCell.swift; sourceTree = "<group>"; };
		A2ADE32B28887DA60050BCBB /* Patients.swift */ = {isa = PBXFileReference; lastKnownFileType = sourcecode.swift; path = Patients.swift; sourceTree = "<group>"; };
		A2B0C7E927D1324F0020C14D /* Provider.swift */ = {isa = PBXFileReference; lastKnownFileType = sourcecode.swift; path = Provider.swift; sourceTree = "<group>"; };
		A2B47115289C2DE100608CFD /* Scans.swift */ = {isa = PBXFileReference; lastKnownFileType = sourcecode.swift; path = Scans.swift; sourceTree = "<group>"; };
		A2B47119289C802600608CFD /* scanHistoryTableViewCell.swift */ = {isa = PBXFileReference; lastKnownFileType = sourcecode.swift; name = scanHistoryTableViewCell.swift; path = Upright/Controller/scanHistoryTableViewCell.swift; sourceTree = SOURCE_ROOT; };
		A2B5EA8F284EC4EB00F8ADCB /* LoginView.swift */ = {isa = PBXFileReference; lastKnownFileType = sourcecode.swift; path = LoginView.swift; sourceTree = "<group>"; };
		A2B5EA92284EFB8C00F8ADCB /* Organization.swift */ = {isa = PBXFileReference; lastKnownFileType = sourcecode.swift; path = Organization.swift; sourceTree = "<group>"; };
		A2B63EF42880844B003BA799 /* LinkUILabel.swift */ = {isa = PBXFileReference; lastKnownFileType = sourcecode.swift; path = LinkUILabel.swift; sourceTree = "<group>"; };
		A2B6CC2E27CEE055001F9012 /* RoundImageView.swift */ = {isa = PBXFileReference; lastKnownFileType = sourcecode.swift; path = RoundImageView.swift; sourceTree = "<group>"; };
		A2BB2D6F27FE45A9002F847E /* BLEManager.swift */ = {isa = PBXFileReference; lastKnownFileType = sourcecode.swift; path = BLEManager.swift; sourceTree = "<group>"; };
		A2DAC7BC2847F8FF00938CC3 /* CreateProviderView.swift */ = {isa = PBXFileReference; lastKnownFileType = sourcecode.swift; path = CreateProviderView.swift; sourceTree = "<group>"; };
		A2DC1F792863C32700ED9027 /* ScanController.swift */ = {isa = PBXFileReference; lastKnownFileType = sourcecode.swift; path = ScanController.swift; sourceTree = "<group>"; };
		A2DC1F7B28643C4300ED9027 /* ConstantIds.swift */ = {isa = PBXFileReference; lastKnownFileType = sourcecode.swift; path = ConstantIds.swift; sourceTree = "<group>"; };
		A2E318C22830272700D9DEE5 /* scan.swift */ = {isa = PBXFileReference; lastKnownFileType = sourcecode.swift; path = scan.swift; sourceTree = "<group>"; };
		A2FF08A927E53EFB00E12F06 /* DropShadow.swift */ = {isa = PBXFileReference; lastKnownFileType = sourcecode.swift; path = DropShadow.swift; sourceTree = "<group>"; };
		A844DB7B298FC19C00133360 /* Colors.swift */ = {isa = PBXFileReference; lastKnownFileType = sourcecode.swift; path = Colors.swift; sourceTree = "<group>"; };
		A844DB7F298FC23900133360 /* ColorExtension.swift */ = {isa = PBXFileReference; lastKnownFileType = sourcecode.swift; path = ColorExtension.swift; sourceTree = "<group>"; };
		A844DB812990269200133360 /* RoundUIView.swift */ = {isa = PBXFileReference; lastKnownFileType = sourcecode.swift; path = RoundUIView.swift; sourceTree = "<group>"; };
		A880FA8A299E006300D23F6E /* VSIReportViewController.storyboard */ = {isa = PBXFileReference; fileEncoding = 4; lastKnownFileType = file.storyboard; path = VSIReportViewController.storyboard; sourceTree = "<group>"; };
		A880FA8B299E006300D23F6E /* VSIReportViewController.swift */ = {isa = PBXFileReference; fileEncoding = 4; lastKnownFileType = sourcecode.swift; path = VSIReportViewController.swift; sourceTree = "<group>"; };
		A880FA8E299E006300D23F6E /* VSIReportImageCollectionViewCell.swift */ = {isa = PBXFileReference; fileEncoding = 4; lastKnownFileType = sourcecode.swift; path = VSIReportImageCollectionViewCell.swift; sourceTree = "<group>"; };
		A880FA90299E006300D23F6E /* VSIReportHeaderView.xib */ = {isa = PBXFileReference; fileEncoding = 4; lastKnownFileType = file.xib; path = VSIReportHeaderView.xib; sourceTree = "<group>"; };
		A880FA91299E006300D23F6E /* VSIReportHeaderView.swift */ = {isa = PBXFileReference; fileEncoding = 4; lastKnownFileType = sourcecode.swift; path = VSIReportHeaderView.swift; sourceTree = "<group>"; };
		A880FA92299E006300D23F6E /* DeltaTableViewCell.swift */ = {isa = PBXFileReference; fileEncoding = 4; lastKnownFileType = sourcecode.swift; path = DeltaTableViewCell.swift; sourceTree = "<group>"; };
		A880FA93299E006300D23F6E /* DeviationTableViewCell.swift */ = {isa = PBXFileReference; fileEncoding = 4; lastKnownFileType = sourcecode.swift; path = DeviationTableViewCell.swift; sourceTree = "<group>"; };
		A880FA95299E006300D23F6E /* VSIReportFooterCell.swift */ = {isa = PBXFileReference; fileEncoding = 4; lastKnownFileType = sourcecode.swift; path = VSIReportFooterCell.swift; sourceTree = "<group>"; };
		A880FA96299E006300D23F6E /* VSIReportFooterCell.xib */ = {isa = PBXFileReference; fileEncoding = 4; lastKnownFileType = file.xib; path = VSIReportFooterCell.xib; sourceTree = "<group>"; };
		A880FA98299E006300D23F6E /* VSIReportTopHeaderViewCell.xib */ = {isa = PBXFileReference; fileEncoding = 4; lastKnownFileType = file.xib; path = VSIReportTopHeaderViewCell.xib; sourceTree = "<group>"; };
		A880FA99299E006300D23F6E /* VSIReportTopHeaderViewCell.swift */ = {isa = PBXFileReference; fileEncoding = 4; lastKnownFileType = sourcecode.swift; path = VSIReportTopHeaderViewCell.swift; sourceTree = "<group>"; };
		A880FA9A299E006300D23F6E /* DataTableViewCell.swift */ = {isa = PBXFileReference; fileEncoding = 4; lastKnownFileType = sourcecode.swift; path = DataTableViewCell.swift; sourceTree = "<group>"; };
		A880FA9C299E006300D23F6E /* VSIReportViewModel.swift.swift */ = {isa = PBXFileReference; fileEncoding = 4; lastKnownFileType = sourcecode.swift; path = VSIReportViewModel.swift.swift; sourceTree = "<group>"; };
		A880FA9D299E006300D23F6E /* VSIReportInfoModel.swift */ = {isa = PBXFileReference; fileEncoding = 4; lastKnownFileType = sourcecode.swift; path = VSIReportInfoModel.swift; sourceTree = "<group>"; };
		A880FA9E299E006300D23F6E /* VSIReportModel.swift */ = {isa = PBXFileReference; fileEncoding = 4; lastKnownFileType = sourcecode.swift; path = VSIReportModel.swift; sourceTree = "<group>"; };
		A880FA9F299E006300D23F6E /* VSIReportCellModel.swift */ = {isa = PBXFileReference; fileEncoding = 4; lastKnownFileType = sourcecode.swift; path = VSIReportCellModel.swift; sourceTree = "<group>"; };
		A882714E2993701C0059EF36 /* ImageViewExtension.swift */ = {isa = PBXFileReference; lastKnownFileType = sourcecode.swift; path = ImageViewExtension.swift; sourceTree = "<group>"; };
		A89EBF46298A790A00DD7B08 /* Base */ = {isa = PBXFileReference; lastKnownFileType = file.storyboard; name = Base; path = Base.lproj/LaunchScreen.storyboard; sourceTree = "<group>"; };
		A89EBF48298A790A00DD7B08 /* Base */ = {isa = PBXFileReference; lastKnownFileType = file.storyboard; name = Base; path = Base.lproj/Main.storyboard; sourceTree = "<group>"; };
		A8D53E5D298F9BA300692E2F /* AddSuportVideoViewController.storyboard */ = {isa = PBXFileReference; lastKnownFileType = file.storyboard; path = AddSuportVideoViewController.storyboard; sourceTree = "<group>"; };
		A8D53E5F298F9BC500692E2F /* AddSupportVideoViewController.swift */ = {isa = PBXFileReference; lastKnownFileType = sourcecode.swift; path = AddSupportVideoViewController.swift; sourceTree = "<group>"; };
/* End PBXFileReference section */

/* Begin PBXFrameworksBuildPhase section */
		A26B2E9627C6BF9E00938DB1 /* Frameworks */ = {
			isa = PBXFrameworksBuildPhase;
			buildActionMask = 2147483647;
			files = (
				A27E5DDE27C98DDA004C790D /* PostgresClientKit in Frameworks */,
			);
			runOnlyForDeploymentPostprocessing = 0;
		};
		A26B2EAC27C6BF9F00938DB1 /* Frameworks */ = {
			isa = PBXFrameworksBuildPhase;
			buildActionMask = 2147483647;
			files = (
			);
			runOnlyForDeploymentPostprocessing = 0;
		};
		A26B2EB627C6BF9F00938DB1 /* Frameworks */ = {
			isa = PBXFrameworksBuildPhase;
			buildActionMask = 2147483647;
			files = (
			);
			runOnlyForDeploymentPostprocessing = 0;
		};
/* End PBXFrameworksBuildPhase section */

/* Begin PBXGroup section */
		A200C233285424A500636378 /* survey */ = {
			isa = PBXGroup;
			children = (
				A200C234285424EB00636378 /* SurveyTableViewCell.swift */,
			);
			path = survey;
			sourceTree = "<group>";
		};
		A20157AC2804A90B007D9B37 /* Controller */ = {
			isa = PBXGroup;
			children = (
				A294CCF327ECCA8C00E46414 /* ScanControllsViewController.swift */,
				A2B47119289C802600608CFD /* scanHistoryTableViewCell.swift */,
				A2DC1F792863C32700ED9027 /* ScanController.swift */,
				A225B8612880CC0C0074FFC4 /* Settings.swift */,
				A2ADE329288873520050BCBB /* ControllerTableViewCell.swift */,
			);
			path = Controller;
			sourceTree = "<group>";
		};
		A20157AD2804A9AC007D9B37 /* DesignUI */ = {
			isa = PBXGroup;
			children = (
				A26B2ECC27C6DAFB00938DB1 /* GradientView.swift */,
				A2FF08A927E53EFB00E12F06 /* DropShadow.swift */,
				A2B6CC2E27CEE055001F9012 /* RoundImageView.swift */,
				A844DB812990269200133360 /* RoundUIView.swift */,
			);
			path = DesignUI;
			sourceTree = "<group>";
		};
		A240768D281DCBBF00BBAE66 /* Scan */ = {
			isa = PBXGroup;
			children = (
				A2407690281DCC5500BBAE66 /* ScansTableViewCell.swift */,
				A240768B281DC4C100BBAE66 /* PatientScan.swift */,
				A2E318C22830272700D9DEE5 /* scan.swift */,
				A2B47115289C2DE100608CFD /* Scans.swift */,
			);
			path = Scan;
			sourceTree = "<group>";
		};
		A24F0EE427DC10F1004FD6B3 /* Profile */ = {
			isa = PBXGroup;
			children = (
				A200C238285427C600636378 /* PatientProfileViewController.swift */,
				A246C7E827DA9068003D4D69 /* PatientProfile.swift */,
			);
			path = Profile;
			sourceTree = "<group>";
		};
		A24F0EE527DC111E004FD6B3 /* Search */ = {
			isa = PBXGroup;
			children = (
				A280898527D7CC5B00C79920 /* PatientSearch.swift */,
				A280898327D6B31400C79920 /* PatientSearchViewCell.swift */,
				A280898127D6B28A00C79920 /* PatientSearchViewController.swift */,
				A2ADE32B28887DA60050BCBB /* Patients.swift */,
			);
			path = Search;
			sourceTree = "<group>";
		};
		A24F0EE627DC13A2004FD6B3 /* Questions */ = {
			isa = PBXGroup;
			children = (
				A24F0EEF27DC1526004FD6B3 /* Questions.swift */,
				A24F0EE927DC1478004FD6B3 /* QuestionsViewController.swift */,
				A24F0EED27DC150D004FD6B3 /* QuestionsViewCell.swift */,
				A200C2312853EE9C00636378 /* QuestionsScore.swift */,
			);
			path = Questions;
			sourceTree = "<group>";
		};
		A25706C627CFDD9900C4A319 /* Postgresql */ = {
			isa = PBXGroup;
			children = (
				A25706C727CFDDD400C4A319 /* db.swift */,
				530D29C7298CFD2800295600 /* DatabaseManager.swift */,
			);
			path = Postgresql;
			sourceTree = "<group>";
		};
		A25706C927CFF80500C4A319 /* Provider */ = {
			isa = PBXGroup;
			children = (
				A2B0C7E927D1324F0020C14D /* Provider.swift */,
				A2DAC7BC2847F8FF00938CC3 /* CreateProviderView.swift */,
				A22CA437284A9C35003CFF7D /* CreateProvider.swift */,
			);
			path = Provider;
			sourceTree = "<group>";
		};
		A26B2E9027C6BF9E00938DB1 = {
			isa = PBXGroup;
			children = (
				A26B2E9B27C6BF9E00938DB1 /* Upright */,
				A26B2EB227C6BF9F00938DB1 /* UprightTests */,
				A26B2EBC27C6BF9F00938DB1 /* UprightUITests */,
				A26B2E9A27C6BF9E00938DB1 /* Products */,
				A27E5DC027C943F4004C790D /* Upright-Bridging-Header.h */,
			);
			sourceTree = "<group>";
		};
		A26B2E9A27C6BF9E00938DB1 /* Products */ = {
			isa = PBXGroup;
			children = (
				A26B2E9927C6BF9E00938DB1 /* Upright.app */,
				A26B2EAF27C6BF9F00938DB1 /* UprightTests.xctest */,
				A26B2EB927C6BF9F00938DB1 /* UprightUITests.xctest */,
			);
			name = Products;
			sourceTree = "<group>";
		};
		A26B2E9B27C6BF9E00938DB1 /* Upright */ = {
			isa = PBXGroup;
			children = (
				A844DB7D298FC1D700133360 /* Utillities */,
				A844DB79298FC13D00133360 /* Helpers */,
				A28BA342287DED9900E291B6 /* Support */,
				A26E1FFD287A2C7F007AAD07 /* Controllerr */,
				A880FA88299E006300D23F6E /* VSIScoreReport */,
				A26E1FFB287A2C4A007AAD07 /* Model */,
				A2DC1F7B28643C4300ED9027 /* ConstantIds.swift */,
				A2B5EA91284EFB4A00F8ADCB /* Organization */,
				A20157AD2804A9AC007D9B37 /* DesignUI */,
				A20157AC2804A90B007D9B37 /* Controller */,
				A280897827D27D9E00C79920 /* Patient */,
				A25706C927CFF80500C4A319 /* Provider */,
				A25706C627CFDD9900C4A319 /* Postgresql */,
				A2BB2D6E27FE31E9002F847E /* BlueTooth */,
				A280897D27D2AE8000C79920 /* AppViewController.swift */,
				A26B2E9C27C6BF9E00938DB1 /* AppDelegate.swift */,
				A26B2E9E27C6BF9E00938DB1 /* SceneDelegate.swift */,
				A2B5EA8F284EC4EB00F8ADCB /* LoginView.swift */,
				A26B2EA027C6BF9E00938DB1 /* LoginViewController.swift */,
				A245F9E62800CFAE002EBE23 /* ViewController.swift */,
				A294CCEF27EBC8B400E46414 /* BaseViewController.swift */,
				A89EBF45298A790A00DD7B08 /* LaunchScreen.storyboard */,
				A89EBF47298A790A00DD7B08 /* Main.storyboard */,
				A2B63EF42880844B003BA799 /* LinkUILabel.swift */,
				A26B2EA527C6BF9F00938DB1 /* Assets.xcassets */,
				A26B2EAA27C6BF9F00938DB1 /* Info.plist */,
				A28BA347287F46B900E291B6 /* NSAttributedString.swift */,
				A2679E982908717500E686B4 /* Calculations.swift */,
				530D29C9298D054600295600 /* UIViewControllerExtension.swift */,
			);
			path = Upright;
			sourceTree = "<group>";
		};
		A26B2EB227C6BF9F00938DB1 /* UprightTests */ = {
			isa = PBXGroup;
			children = (
				A26B2EB327C6BF9F00938DB1 /* UprightTests.swift */,
			);
			path = UprightTests;
			sourceTree = "<group>";
		};
		A26B2EBC27C6BF9F00938DB1 /* UprightUITests */ = {
			isa = PBXGroup;
			children = (
				A26B2EBD27C6BF9F00938DB1 /* UprightUITests.swift */,
				A26B2EBF27C6BF9F00938DB1 /* UprightUITestsLaunchTests.swift */,
			);
			path = UprightUITests;
			sourceTree = "<group>";
		};
		A26E1FFB287A2C4A007AAD07 /* Model */ = {
			isa = PBXGroup;
			children = (
				A28BA340287CA32F00E291B6 /* HomeViewModel.swift */,
			);
			path = Model;
			sourceTree = "<group>";
		};
		A26E1FFD287A2C7F007AAD07 /* Controllerr */ = {
			isa = PBXGroup;
			children = (
				A27E5DDF27CEAE28004C790D /* HomeViewController.swift */,
			);
			path = Controllerr;
			sourceTree = "<group>";
		};
		A280897827D27D9E00C79920 /* Patient */ = {
			isa = PBXGroup;
			children = (
				A200C233285424A500636378 /* survey */,
				A240768D281DCBBF00BBAE66 /* Scan */,
				A24F0EE627DC13A2004FD6B3 /* Questions */,
				A24F0EE527DC111E004FD6B3 /* Search */,
				A24F0EE427DC10F1004FD6B3 /* Profile */,
				A280897927D27DBD00C79920 /* Patient.swift */,
				A280897B27D27E4000C79920 /* CreatePatient.swift */,
			);
			path = Patient;
			sourceTree = "<group>";
		};
		A28BA342287DED9900E291B6 /* Support */ = {
			isa = PBXGroup;
			children = (
				A8D53E5A298F9A9800692E2F /* AddSupportVideo */,
				A23792762825706300C3A58B /* SupportViewController.swift */,
				A28BA345287E1C4600E291B6 /* Support.swift */,
				A28BA343287E03AA00E291B6 /* supportTableCell.swift */,
			);
			path = Support;
			sourceTree = "<group>";
		};
		A2B5EA91284EFB4A00F8ADCB /* Organization */ = {
			isa = PBXGroup;
			children = (
				A2B5EA92284EFB8C00F8ADCB /* Organization.swift */,
			);
			path = Organization;
			sourceTree = "<group>";
		};
		A2BB2D6E27FE31E9002F847E /* BlueTooth */ = {
			isa = PBXGroup;
			children = (
				A2BB2D6F27FE45A9002F847E /* BLEManager.swift */,
			);
			path = BlueTooth;
			sourceTree = "<group>";
		};
		A844DB79298FC13D00133360 /* Helpers */ = {
			isa = PBXGroup;
			children = (
				A844DB7A298FC16000133360 /* Constants */,
			);
			path = Helpers;
			sourceTree = "<group>";
		};
		A844DB7A298FC16000133360 /* Constants */ = {
			isa = PBXGroup;
			children = (
				A844DB7B298FC19C00133360 /* Colors.swift */,
			);
			path = Constants;
			sourceTree = "<group>";
		};
		A844DB7D298FC1D700133360 /* Utillities */ = {
			isa = PBXGroup;
			children = (
				A844DB7E298FC20800133360 /* Extension */,
			);
			path = Utillities;
			sourceTree = "<group>";
		};
		A844DB7E298FC20800133360 /* Extension */ = {
			isa = PBXGroup;
			children = (
				A844DB7F298FC23900133360 /* ColorExtension.swift */,
				A882714E2993701C0059EF36 /* ImageViewExtension.swift */,
			);
			path = Extension;
			sourceTree = "<group>";
		};
		A880FA88299E006300D23F6E /* VSIScoreReport */ = {
			isa = PBXGroup;
			children = (
				A880FA89299E006300D23F6E /* VsiReportViewContoller */,
				A880FA8C299E006300D23F6E /* Cell */,
				A880FA9B299E006300D23F6E /* model */,
			);
			path = VSIScoreReport;
			sourceTree = "<group>";
		};
		A880FA89299E006300D23F6E /* VsiReportViewContoller */ = {
			isa = PBXGroup;
			children = (
				A880FA8A299E006300D23F6E /* VSIReportViewController.storyboard */,
				A880FA8B299E006300D23F6E /* VSIReportViewController.swift */,
			);
			path = VsiReportViewContoller;
			sourceTree = "<group>";
		};
		A880FA8C299E006300D23F6E /* Cell */ = {
			isa = PBXGroup;
			children = (
				A880FA97299E006300D23F6E /* TopHeaderViewCell */,
				A880FA8F299E006300D23F6E /* HeaderCell */,
				A880FA8D299E006300D23F6E /* VSIReportCollectionViewCell */,
				A880FA94299E006300D23F6E /* FooterCell */,
				A880FA93299E006300D23F6E /* DeviationTableViewCell.swift */,
				A880FA92299E006300D23F6E /* DeltaTableViewCell.swift */,
				A880FA9A299E006300D23F6E /* DataTableViewCell.swift */,
			);
			path = Cell;
			sourceTree = "<group>";
		};
		A880FA8D299E006300D23F6E /* VSIReportCollectionViewCell */ = {
			isa = PBXGroup;
			children = (
				A880FA8E299E006300D23F6E /* VSIReportImageCollectionViewCell.swift */,
			);
			path = VSIReportCollectionViewCell;
			sourceTree = "<group>";
		};
		A880FA8F299E006300D23F6E /* HeaderCell */ = {
			isa = PBXGroup;
			children = (
				A880FA90299E006300D23F6E /* VSIReportHeaderView.xib */,
				A880FA91299E006300D23F6E /* VSIReportHeaderView.swift */,
			);
			path = HeaderCell;
			sourceTree = "<group>";
		};
		A880FA94299E006300D23F6E /* FooterCell */ = {
			isa = PBXGroup;
			children = (
				A880FA95299E006300D23F6E /* VSIReportFooterCell.swift */,
				A880FA96299E006300D23F6E /* VSIReportFooterCell.xib */,
			);
			path = FooterCell;
			sourceTree = "<group>";
		};
		A880FA97299E006300D23F6E /* TopHeaderViewCell */ = {
			isa = PBXGroup;
			children = (
				A880FA98299E006300D23F6E /* VSIReportTopHeaderViewCell.xib */,
				A880FA99299E006300D23F6E /* VSIReportTopHeaderViewCell.swift */,
			);
			path = TopHeaderViewCell;
			sourceTree = "<group>";
		};
		A880FA9B299E006300D23F6E /* model */ = {
			isa = PBXGroup;
			children = (
				A880FA9C299E006300D23F6E /* VSIReportViewModel.swift.swift */,
				A880FA9D299E006300D23F6E /* VSIReportInfoModel.swift */,
				A880FA9E299E006300D23F6E /* VSIReportModel.swift */,
				A880FA9F299E006300D23F6E /* VSIReportCellModel.swift */,
			);
			path = model;
			sourceTree = "<group>";
		};
		A8D53E5A298F9A9800692E2F /* AddSupportVideo */ = {
			isa = PBXGroup;
			children = (
				A8D53E5D298F9BA300692E2F /* AddSuportVideoViewController.storyboard */,
				A8D53E5F298F9BC500692E2F /* AddSupportVideoViewController.swift */,
			);
			path = AddSupportVideo;
			sourceTree = "<group>";
		};
/* End PBXGroup section */

/* Begin PBXNativeTarget section */
		A26B2E9827C6BF9E00938DB1 /* Upright */ = {
			isa = PBXNativeTarget;
			buildConfigurationList = A26B2EC327C6BF9F00938DB1 /* Build configuration list for PBXNativeTarget "Upright" */;
			buildPhases = (
				A26B2E9527C6BF9E00938DB1 /* Sources */,
				A26B2E9627C6BF9E00938DB1 /* Frameworks */,
				A26B2E9727C6BF9E00938DB1 /* Resources */,
				A27E5DD827C9801A004C790D /* Embed Frameworks */,
			);
			buildRules = (
			);
			dependencies = (
			);
			name = Upright;
			packageProductDependencies = (
				A27E5DDD27C98DDA004C790D /* PostgresClientKit */,
			);
			productName = Upright;
			productReference = A26B2E9927C6BF9E00938DB1 /* Upright.app */;
			productType = "com.apple.product-type.application";
		};
		A26B2EAE27C6BF9F00938DB1 /* UprightTests */ = {
			isa = PBXNativeTarget;
			buildConfigurationList = A26B2EC627C6BF9F00938DB1 /* Build configuration list for PBXNativeTarget "UprightTests" */;
			buildPhases = (
				A26B2EAB27C6BF9F00938DB1 /* Sources */,
				A26B2EAC27C6BF9F00938DB1 /* Frameworks */,
				A26B2EAD27C6BF9F00938DB1 /* Resources */,
			);
			buildRules = (
			);
			dependencies = (
				A26B2EB127C6BF9F00938DB1 /* PBXTargetDependency */,
			);
			name = UprightTests;
			productName = UprightTests;
			productReference = A26B2EAF27C6BF9F00938DB1 /* UprightTests.xctest */;
			productType = "com.apple.product-type.bundle.unit-test";
		};
		A26B2EB827C6BF9F00938DB1 /* UprightUITests */ = {
			isa = PBXNativeTarget;
			buildConfigurationList = A26B2EC927C6BF9F00938DB1 /* Build configuration list for PBXNativeTarget "UprightUITests" */;
			buildPhases = (
				A26B2EB527C6BF9F00938DB1 /* Sources */,
				A26B2EB627C6BF9F00938DB1 /* Frameworks */,
				A26B2EB727C6BF9F00938DB1 /* Resources */,
			);
			buildRules = (
			);
			dependencies = (
				A26B2EBB27C6BF9F00938DB1 /* PBXTargetDependency */,
			);
			name = UprightUITests;
			productName = UprightUITests;
			productReference = A26B2EB927C6BF9F00938DB1 /* UprightUITests.xctest */;
			productType = "com.apple.product-type.bundle.ui-testing";
		};
/* End PBXNativeTarget section */

/* Begin PBXProject section */
		A26B2E9127C6BF9E00938DB1 /* Project object */ = {
			isa = PBXProject;
			attributes = {
				BuildIndependentTargetsInParallel = 1;
				LastSwiftUpdateCheck = 1320;
				LastUpgradeCheck = 1320;
				TargetAttributes = {
					A26B2E9827C6BF9E00938DB1 = {
						CreatedOnToolsVersion = 13.2.1;
						LastSwiftMigration = 1320;
					};
					A26B2EAE27C6BF9F00938DB1 = {
						CreatedOnToolsVersion = 13.2.1;
						TestTargetID = A26B2E9827C6BF9E00938DB1;
					};
					A26B2EB827C6BF9F00938DB1 = {
						CreatedOnToolsVersion = 13.2.1;
						TestTargetID = A26B2E9827C6BF9E00938DB1;
					};
				};
			};
			buildConfigurationList = A26B2E9427C6BF9E00938DB1 /* Build configuration list for PBXProject "Upright" */;
			compatibilityVersion = "Xcode 13.0";
			developmentRegion = en;
			hasScannedForEncodings = 0;
			knownRegions = (
				en,
				Base,
			);
			mainGroup = A26B2E9027C6BF9E00938DB1;
			packageReferences = (
				A27E5DDB27C98BF5004C790D /* XCRemoteSwiftPackageReference "PostgresClientKit" */,
			);
			productRefGroup = A26B2E9A27C6BF9E00938DB1 /* Products */;
			projectDirPath = "";
			projectRoot = "";
			targets = (
				A26B2E9827C6BF9E00938DB1 /* Upright */,
				A26B2EAE27C6BF9F00938DB1 /* UprightTests */,
				A26B2EB827C6BF9F00938DB1 /* UprightUITests */,
			);
		};
/* End PBXProject section */

/* Begin PBXResourcesBuildPhase section */
		A26B2E9727C6BF9E00938DB1 /* Resources */ = {
			isa = PBXResourcesBuildPhase;
			buildActionMask = 2147483647;
			files = (
				A8D53E5E298F9BA300692E2F /* AddSuportVideoViewController.storyboard in Resources */,
				A880FAA0299E006300D23F6E /* VSIReportViewController.storyboard in Resources */,
				A880FAA3299E006300D23F6E /* VSIReportHeaderView.xib in Resources */,
				A880FAA8299E006300D23F6E /* VSIReportFooterCell.xib in Resources */,
				A880FAA9299E006300D23F6E /* VSIReportTopHeaderViewCell.xib in Resources */,
				A89EBF49298A790A00DD7B08 /* LaunchScreen.storyboard in Resources */,
				A89EBF4A298A790A00DD7B08 /* Main.storyboard in Resources */,
				A26B2EA627C6BF9F00938DB1 /* Assets.xcassets in Resources */,
			);
			runOnlyForDeploymentPostprocessing = 0;
		};
		A26B2EAD27C6BF9F00938DB1 /* Resources */ = {
			isa = PBXResourcesBuildPhase;
			buildActionMask = 2147483647;
			files = (
			);
			runOnlyForDeploymentPostprocessing = 0;
		};
		A26B2EB727C6BF9F00938DB1 /* Resources */ = {
			isa = PBXResourcesBuildPhase;
			buildActionMask = 2147483647;
			files = (
			);
			runOnlyForDeploymentPostprocessing = 0;
		};
/* End PBXResourcesBuildPhase section */

/* Begin PBXSourcesBuildPhase section */
		A26B2E9527C6BF9E00938DB1 /* Sources */ = {
			isa = PBXSourcesBuildPhase;
			buildActionMask = 2147483647;
			files = (
				A294CCF027EBC8B400E46414 /* BaseViewController.swift in Sources */,
				A880FAA2299E006300D23F6E /* VSIReportImageCollectionViewCell.swift in Sources */,
				A2B63EF52880844B003BA799 /* LinkUILabel.swift in Sources */,
				A200C235285424EB00636378 /* SurveyTableViewCell.swift in Sources */,
				A26B2EA127C6BF9E00938DB1 /* LoginViewController.swift in Sources */,
				A2B5EA93284EFB8C00F8ADCB /* Organization.swift in Sources */,
				530D29CA298D054600295600 /* UIViewControllerExtension.swift in Sources */,
				A8D53E60298F9BC500692E2F /* AddSupportVideoViewController.swift in Sources */,
				A240768C281DC4C100BBAE66 /* PatientScan.swift in Sources */,
				A2ADE32A288873520050BCBB /* ControllerTableViewCell.swift in Sources */,
				A2DC1F7C28643C4300ED9027 /* ConstantIds.swift in Sources */,
				A294CCF427ECCA8C00E46414 /* ScanControllsViewController.swift in Sources */,
				A28BA348287F46B900E291B6 /* NSAttributedString.swift in Sources */,
				A200C239285427C600636378 /* PatientProfileViewController.swift in Sources */,
				A22CA438284A9C35003CFF7D /* CreateProvider.swift in Sources */,
				A880FAAC299E006300D23F6E /* VSIReportViewModel.swift.swift in Sources */,
				A2B6CC2F27CEE055001F9012 /* RoundImageView.swift in Sources */,
				A2B4711A289C802600608CFD /* scanHistoryTableViewCell.swift in Sources */,
				A280897A27D27DBD00C79920 /* Patient.swift in Sources */,
				A2BB2D7027FE45A9002F847E /* BLEManager.swift in Sources */,
				A26B2E9D27C6BF9E00938DB1 /* AppDelegate.swift in Sources */,
				A2ADE32C28887DA60050BCBB /* Patients.swift in Sources */,
				A280897E27D2AE8000C79920 /* AppViewController.swift in Sources */,
				A245F9E72800CFAE002EBE23 /* ViewController.swift in Sources */,
				A200C2322853EE9C00636378 /* QuestionsScore.swift in Sources */,
				A880FAA5299E006300D23F6E /* DeltaTableViewCell.swift in Sources */,
				A246C7E927DA9068003D4D69 /* PatientProfile.swift in Sources */,
				A2679E992908717500E686B4 /* Calculations.swift in Sources */,
				A26B2ECD27C6DAFB00938DB1 /* GradientView.swift in Sources */,
				A2B0C7EA27D1324F0020C14D /* Provider.swift in Sources */,
				A880FAAD299E006300D23F6E /* VSIReportInfoModel.swift in Sources */,
				A26B2E9F27C6BF9E00938DB1 /* SceneDelegate.swift in Sources */,
				A23792772825706300C3A58B /* SupportViewController.swift in Sources */,
				A28BA344287E03AA00E291B6 /* supportTableCell.swift in Sources */,
				A28BA346287E1C4600E291B6 /* Support.swift in Sources */,
				A880FAAE299E006300D23F6E /* VSIReportModel.swift in Sources */,
				A280898427D6B31400C79920 /* PatientSearchViewCell.swift in Sources */,
				A2B47116289C2DE100608CFD /* Scans.swift in Sources */,
				A2FF08AA27E53EFB00E12F06 /* DropShadow.swift in Sources */,
				530D29C8298CFD2800295600 /* DatabaseManager.swift in Sources */,
				A880FAAB299E006300D23F6E /* DataTableViewCell.swift in Sources */,
				A882714F2993701C0059EF36 /* ImageViewExtension.swift in Sources */,
				A24F0EF027DC1526004FD6B3 /* Questions.swift in Sources */,
				A880FAA6299E006300D23F6E /* DeviationTableViewCell.swift in Sources */,
				A24F0EEE27DC150D004FD6B3 /* QuestionsViewCell.swift in Sources */,
				A844DB822990269200133360 /* RoundUIView.swift in Sources */,
				A844DB7C298FC19C00133360 /* Colors.swift in Sources */,
				A280898627D7CC5B00C79920 /* PatientSearch.swift in Sources */,
				A280897C27D27E4000C79920 /* CreatePatient.swift in Sources */,
				A880FAA7299E006300D23F6E /* VSIReportFooterCell.swift in Sources */,
				A880FAAF299E006300D23F6E /* VSIReportCellModel.swift in Sources */,
				A2E318C32830272700D9DEE5 /* scan.swift in Sources */,
				A2DC1F7A2863C32700ED9027 /* ScanController.swift in Sources */,
				A27E5DE027CEAE28004C790D /* HomeViewController.swift in Sources */,
				A2407691281DCC5500BBAE66 /* ScansTableViewCell.swift in Sources */,
				A2DAC7BD2847F8FF00938CC3 /* CreateProviderView.swift in Sources */,
				A280898227D6B28A00C79920 /* PatientSearchViewController.swift in Sources */,
				A28BA341287CA32F00E291B6 /* HomeViewModel.swift in Sources */,
				A25706C827CFDDD400C4A319 /* db.swift in Sources */,
				A2B5EA90284EC4EB00F8ADCB /* LoginView.swift in Sources */,
				A880FAAA299E006300D23F6E /* VSIReportTopHeaderViewCell.swift in Sources */,
				A880FAA4299E006300D23F6E /* VSIReportHeaderView.swift in Sources */,
				A24F0EEA27DC1478004FD6B3 /* QuestionsViewController.swift in Sources */,
				A225B8622880CC0C0074FFC4 /* Settings.swift in Sources */,
				A844DB80298FC23900133360 /* ColorExtension.swift in Sources */,
				A880FAA1299E006300D23F6E /* VSIReportViewController.swift in Sources */,
			);
			runOnlyForDeploymentPostprocessing = 0;
		};
		A26B2EAB27C6BF9F00938DB1 /* Sources */ = {
			isa = PBXSourcesBuildPhase;
			buildActionMask = 2147483647;
			files = (
				A26B2EB427C6BF9F00938DB1 /* UprightTests.swift in Sources */,
			);
			runOnlyForDeploymentPostprocessing = 0;
		};
		A26B2EB527C6BF9F00938DB1 /* Sources */ = {
			isa = PBXSourcesBuildPhase;
			buildActionMask = 2147483647;
			files = (
				A26B2EC027C6BF9F00938DB1 /* UprightUITestsLaunchTests.swift in Sources */,
				A26B2EBE27C6BF9F00938DB1 /* UprightUITests.swift in Sources */,
			);
			runOnlyForDeploymentPostprocessing = 0;
		};
/* End PBXSourcesBuildPhase section */

/* Begin PBXTargetDependency section */
		A26B2EB127C6BF9F00938DB1 /* PBXTargetDependency */ = {
			isa = PBXTargetDependency;
			target = A26B2E9827C6BF9E00938DB1 /* Upright */;
			targetProxy = A26B2EB027C6BF9F00938DB1 /* PBXContainerItemProxy */;
		};
		A26B2EBB27C6BF9F00938DB1 /* PBXTargetDependency */ = {
			isa = PBXTargetDependency;
			target = A26B2E9827C6BF9E00938DB1 /* Upright */;
			targetProxy = A26B2EBA27C6BF9F00938DB1 /* PBXContainerItemProxy */;
		};
/* End PBXTargetDependency section */

/* Begin PBXVariantGroup section */
		A89EBF45298A790A00DD7B08 /* LaunchScreen.storyboard */ = {
			isa = PBXVariantGroup;
			children = (
				A89EBF46298A790A00DD7B08 /* Base */,
			);
			name = LaunchScreen.storyboard;
			sourceTree = "<group>";
		};
		A89EBF47298A790A00DD7B08 /* Main.storyboard */ = {
			isa = PBXVariantGroup;
			children = (
				A89EBF48298A790A00DD7B08 /* Base */,
			);
			name = Main.storyboard;
			sourceTree = "<group>";
		};
/* End PBXVariantGroup section */

/* Begin XCBuildConfiguration section */
		A26B2EC127C6BF9F00938DB1 /* Debug */ = {
			isa = XCBuildConfiguration;
			buildSettings = {
				ALWAYS_SEARCH_USER_PATHS = NO;
				CLANG_ANALYZER_NONNULL = YES;
				CLANG_ANALYZER_NUMBER_OBJECT_CONVERSION = YES_AGGRESSIVE;
				CLANG_CXX_LANGUAGE_STANDARD = "gnu++17";
				CLANG_CXX_LIBRARY = "libc++";
				CLANG_ENABLE_MODULES = YES;
				CLANG_ENABLE_OBJC_ARC = YES;
				CLANG_ENABLE_OBJC_WEAK = YES;
				CLANG_WARN_BLOCK_CAPTURE_AUTORELEASING = YES;
				CLANG_WARN_BOOL_CONVERSION = YES;
				CLANG_WARN_COMMA = YES;
				CLANG_WARN_CONSTANT_CONVERSION = YES;
				CLANG_WARN_DEPRECATED_OBJC_IMPLEMENTATIONS = YES;
				CLANG_WARN_DIRECT_OBJC_ISA_USAGE = YES_ERROR;
				CLANG_WARN_DOCUMENTATION_COMMENTS = YES;
				CLANG_WARN_EMPTY_BODY = YES;
				CLANG_WARN_ENUM_CONVERSION = YES;
				CLANG_WARN_INFINITE_RECURSION = YES;
				CLANG_WARN_INT_CONVERSION = YES;
				CLANG_WARN_NON_LITERAL_NULL_CONVERSION = YES;
				CLANG_WARN_OBJC_IMPLICIT_RETAIN_SELF = YES;
				CLANG_WARN_OBJC_LITERAL_CONVERSION = YES;
				CLANG_WARN_OBJC_ROOT_CLASS = YES_ERROR;
				CLANG_WARN_QUOTED_INCLUDE_IN_FRAMEWORK_HEADER = YES;
				CLANG_WARN_RANGE_LOOP_ANALYSIS = YES;
				CLANG_WARN_STRICT_PROTOTYPES = YES;
				CLANG_WARN_SUSPICIOUS_MOVE = YES;
				CLANG_WARN_UNGUARDED_AVAILABILITY = YES_AGGRESSIVE;
				CLANG_WARN_UNREACHABLE_CODE = YES;
				CLANG_WARN__DUPLICATE_METHOD_MATCH = YES;
				COPY_PHASE_STRIP = NO;
				DEBUG_INFORMATION_FORMAT = dwarf;
				ENABLE_STRICT_OBJC_MSGSEND = YES;
				ENABLE_TESTABILITY = YES;
				GCC_C_LANGUAGE_STANDARD = gnu11;
				GCC_DYNAMIC_NO_PIC = NO;
				GCC_NO_COMMON_BLOCKS = YES;
				GCC_OPTIMIZATION_LEVEL = 0;
				GCC_PREPROCESSOR_DEFINITIONS = (
					"DEBUG=1",
					"$(inherited)",
				);
				GCC_WARN_64_TO_32_BIT_CONVERSION = YES;
				GCC_WARN_ABOUT_RETURN_TYPE = YES_ERROR;
				GCC_WARN_UNDECLARED_SELECTOR = YES;
				GCC_WARN_UNINITIALIZED_AUTOS = YES_AGGRESSIVE;
				GCC_WARN_UNUSED_FUNCTION = YES;
				GCC_WARN_UNUSED_VARIABLE = YES;
				IPHONEOS_DEPLOYMENT_TARGET = 15.2;
				MTL_ENABLE_DEBUG_INFO = INCLUDE_SOURCE;
				MTL_FAST_MATH = YES;
				ONLY_ACTIVE_ARCH = YES;
				SDKROOT = iphoneos;
				SWIFT_ACTIVE_COMPILATION_CONDITIONS = DEBUG;
				SWIFT_OPTIMIZATION_LEVEL = "-Onone";
				TARGETED_DEVICE_FAMILY = 2;
			};
			name = Debug;
		};
		A26B2EC227C6BF9F00938DB1 /* Release */ = {
			isa = XCBuildConfiguration;
			buildSettings = {
				ALWAYS_SEARCH_USER_PATHS = NO;
				CLANG_ANALYZER_NONNULL = YES;
				CLANG_ANALYZER_NUMBER_OBJECT_CONVERSION = YES_AGGRESSIVE;
				CLANG_CXX_LANGUAGE_STANDARD = "gnu++17";
				CLANG_CXX_LIBRARY = "libc++";
				CLANG_ENABLE_MODULES = YES;
				CLANG_ENABLE_OBJC_ARC = YES;
				CLANG_ENABLE_OBJC_WEAK = YES;
				CLANG_WARN_BLOCK_CAPTURE_AUTORELEASING = YES;
				CLANG_WARN_BOOL_CONVERSION = YES;
				CLANG_WARN_COMMA = YES;
				CLANG_WARN_CONSTANT_CONVERSION = YES;
				CLANG_WARN_DEPRECATED_OBJC_IMPLEMENTATIONS = YES;
				CLANG_WARN_DIRECT_OBJC_ISA_USAGE = YES_ERROR;
				CLANG_WARN_DOCUMENTATION_COMMENTS = YES;
				CLANG_WARN_EMPTY_BODY = YES;
				CLANG_WARN_ENUM_CONVERSION = YES;
				CLANG_WARN_INFINITE_RECURSION = YES;
				CLANG_WARN_INT_CONVERSION = YES;
				CLANG_WARN_NON_LITERAL_NULL_CONVERSION = YES;
				CLANG_WARN_OBJC_IMPLICIT_RETAIN_SELF = YES;
				CLANG_WARN_OBJC_LITERAL_CONVERSION = YES;
				CLANG_WARN_OBJC_ROOT_CLASS = YES_ERROR;
				CLANG_WARN_QUOTED_INCLUDE_IN_FRAMEWORK_HEADER = YES;
				CLANG_WARN_RANGE_LOOP_ANALYSIS = YES;
				CLANG_WARN_STRICT_PROTOTYPES = YES;
				CLANG_WARN_SUSPICIOUS_MOVE = YES;
				CLANG_WARN_UNGUARDED_AVAILABILITY = YES_AGGRESSIVE;
				CLANG_WARN_UNREACHABLE_CODE = YES;
				CLANG_WARN__DUPLICATE_METHOD_MATCH = YES;
				COPY_PHASE_STRIP = NO;
				DEBUG_INFORMATION_FORMAT = "dwarf-with-dsym";
				ENABLE_NS_ASSERTIONS = NO;
				ENABLE_STRICT_OBJC_MSGSEND = YES;
				GCC_C_LANGUAGE_STANDARD = gnu11;
				GCC_NO_COMMON_BLOCKS = YES;
				GCC_WARN_64_TO_32_BIT_CONVERSION = YES;
				GCC_WARN_ABOUT_RETURN_TYPE = YES_ERROR;
				GCC_WARN_UNDECLARED_SELECTOR = YES;
				GCC_WARN_UNINITIALIZED_AUTOS = YES_AGGRESSIVE;
				GCC_WARN_UNUSED_FUNCTION = YES;
				GCC_WARN_UNUSED_VARIABLE = YES;
				IPHONEOS_DEPLOYMENT_TARGET = 15.2;
				MTL_ENABLE_DEBUG_INFO = NO;
				MTL_FAST_MATH = YES;
				SDKROOT = iphoneos;
				SWIFT_COMPILATION_MODE = wholemodule;
				SWIFT_OPTIMIZATION_LEVEL = "-O";
				TARGETED_DEVICE_FAMILY = 2;
				VALIDATE_PRODUCT = YES;
			};
			name = Release;
		};
		A26B2EC427C6BF9F00938DB1 /* Debug */ = {
			isa = XCBuildConfiguration;
			buildSettings = {
				ASSETCATALOG_COMPILER_APPICON_NAME = AppIcon;
				ASSETCATALOG_COMPILER_GLOBAL_ACCENT_COLOR_NAME = AccentColor;
				CLANG_ENABLE_MODULES = YES;
				CODE_SIGN_STYLE = Automatic;
				CURRENT_PROJECT_VERSION = 1;
				DEVELOPMENT_TEAM = MHGBW7XB38;
				GENERATE_INFOPLIST_FILE = YES;
				INFOPLIST_FILE = Upright/Info.plist;
				INFOPLIST_KEY_NSBluetoothAlwaysUsageDescription = "Our app uses bluetooth to find, connect and transfer data between different devices";
				INFOPLIST_KEY_UIApplicationSupportsIndirectInputEvents = YES;
				INFOPLIST_KEY_UILaunchStoryboardName = LaunchScreen;
				INFOPLIST_KEY_UIMainStoryboardFile = Main;
				INFOPLIST_KEY_UISupportedInterfaceOrientations_iPad = UIInterfaceOrientationPortrait;
				INFOPLIST_KEY_UISupportedInterfaceOrientations_iPhone = "UIInterfaceOrientationPortrait UIInterfaceOrientationLandscapeLeft UIInterfaceOrientationLandscapeRight";
				IPHONEOS_DEPLOYMENT_TARGET = 15.2;
				LD_RUNPATH_SEARCH_PATHS = (
					"$(inherited)",
					"@executable_path/Frameworks",
				);
				MARKETING_VERSION = 1.0;
				PRODUCT_BUNDLE_IDENTIFIER = com.UprightSpine.Upright;
				PRODUCT_NAME = "$(TARGET_NAME)";
				SWIFT_EMIT_LOC_STRINGS = YES;
				SWIFT_OBJC_BRIDGING_HEADER = "Upright-Bridging-Header.h";
				SWIFT_OPTIMIZATION_LEVEL = "-Onone";
				SWIFT_VERSION = 4.2;
				TARGETED_DEVICE_FAMILY = 2;
			};
			name = Debug;
		};
		A26B2EC527C6BF9F00938DB1 /* Release */ = {
			isa = XCBuildConfiguration;
			buildSettings = {
				ASSETCATALOG_COMPILER_APPICON_NAME = AppIcon;
				ASSETCATALOG_COMPILER_GLOBAL_ACCENT_COLOR_NAME = AccentColor;
				CLANG_ENABLE_MODULES = YES;
				CODE_SIGN_STYLE = Automatic;
				CURRENT_PROJECT_VERSION = 1;
				DEVELOPMENT_TEAM = MHGBW7XB38;
				GENERATE_INFOPLIST_FILE = YES;
				INFOPLIST_FILE = Upright/Info.plist;
				INFOPLIST_KEY_NSBluetoothAlwaysUsageDescription = "Our app uses bluetooth to find, connect and transfer data between different devices";
				INFOPLIST_KEY_UIApplicationSupportsIndirectInputEvents = YES;
				INFOPLIST_KEY_UILaunchStoryboardName = LaunchScreen;
				INFOPLIST_KEY_UIMainStoryboardFile = Main;
				INFOPLIST_KEY_UISupportedInterfaceOrientations_iPad = UIInterfaceOrientationPortrait;
				INFOPLIST_KEY_UISupportedInterfaceOrientations_iPhone = "UIInterfaceOrientationPortrait UIInterfaceOrientationLandscapeLeft UIInterfaceOrientationLandscapeRight";
				IPHONEOS_DEPLOYMENT_TARGET = 15.2;
				LD_RUNPATH_SEARCH_PATHS = (
					"$(inherited)",
					"@executable_path/Frameworks",
				);
				MARKETING_VERSION = 1.0;
				PRODUCT_BUNDLE_IDENTIFIER = com.UprightSpine.Upright;
				PRODUCT_NAME = "$(TARGET_NAME)";
				SWIFT_EMIT_LOC_STRINGS = YES;
				SWIFT_OBJC_BRIDGING_HEADER = "Upright-Bridging-Header.h";
				SWIFT_VERSION = 4.2;
				TARGETED_DEVICE_FAMILY = 2;
			};
			name = Release;
		};
		A26B2EC727C6BF9F00938DB1 /* Debug */ = {
			isa = XCBuildConfiguration;
			buildSettings = {
				ALWAYS_EMBED_SWIFT_STANDARD_LIBRARIES = YES;
				BUNDLE_LOADER = "$(TEST_HOST)";
				CODE_SIGN_STYLE = Automatic;
				CURRENT_PROJECT_VERSION = 1;
				GENERATE_INFOPLIST_FILE = YES;
				IPHONEOS_DEPLOYMENT_TARGET = 15.2;
				MARKETING_VERSION = 1.0;
				PRODUCT_BUNDLE_IDENTIFIER = com.UprightSpine.UprightTests;
				PRODUCT_NAME = "$(TARGET_NAME)";
				SWIFT_EMIT_LOC_STRINGS = NO;
				SWIFT_VERSION = 5.0;
				TARGETED_DEVICE_FAMILY = "1,2";
				TEST_HOST = "$(BUILT_PRODUCTS_DIR)/Upright.app/Upright";
			};
			name = Debug;
		};
		A26B2EC827C6BF9F00938DB1 /* Release */ = {
			isa = XCBuildConfiguration;
			buildSettings = {
				ALWAYS_EMBED_SWIFT_STANDARD_LIBRARIES = YES;
				BUNDLE_LOADER = "$(TEST_HOST)";
				CODE_SIGN_STYLE = Automatic;
				CURRENT_PROJECT_VERSION = 1;
				GENERATE_INFOPLIST_FILE = YES;
				IPHONEOS_DEPLOYMENT_TARGET = 15.2;
				MARKETING_VERSION = 1.0;
				PRODUCT_BUNDLE_IDENTIFIER = com.UprightSpine.UprightTests;
				PRODUCT_NAME = "$(TARGET_NAME)";
				SWIFT_EMIT_LOC_STRINGS = NO;
				SWIFT_VERSION = 5.0;
				TARGETED_DEVICE_FAMILY = "1,2";
				TEST_HOST = "$(BUILT_PRODUCTS_DIR)/Upright.app/Upright";
			};
			name = Release;
		};
		A26B2ECA27C6BF9F00938DB1 /* Debug */ = {
			isa = XCBuildConfiguration;
			buildSettings = {
				ALWAYS_EMBED_SWIFT_STANDARD_LIBRARIES = YES;
				CODE_SIGN_STYLE = Automatic;
				CURRENT_PROJECT_VERSION = 1;
				GENERATE_INFOPLIST_FILE = YES;
				MARKETING_VERSION = 1.0;
				PRODUCT_BUNDLE_IDENTIFIER = com.UprightSpine.UprightUITests;
				PRODUCT_NAME = "$(TARGET_NAME)";
				SWIFT_EMIT_LOC_STRINGS = NO;
				SWIFT_VERSION = 5.0;
				TARGETED_DEVICE_FAMILY = "1,2";
				TEST_TARGET_NAME = Upright;
			};
			name = Debug;
		};
		A26B2ECB27C6BF9F00938DB1 /* Release */ = {
			isa = XCBuildConfiguration;
			buildSettings = {
				ALWAYS_EMBED_SWIFT_STANDARD_LIBRARIES = YES;
				CODE_SIGN_STYLE = Automatic;
				CURRENT_PROJECT_VERSION = 1;
				GENERATE_INFOPLIST_FILE = YES;
				MARKETING_VERSION = 1.0;
				PRODUCT_BUNDLE_IDENTIFIER = com.UprightSpine.UprightUITests;
				PRODUCT_NAME = "$(TARGET_NAME)";
				SWIFT_EMIT_LOC_STRINGS = NO;
				SWIFT_VERSION = 5.0;
				TARGETED_DEVICE_FAMILY = "1,2";
				TEST_TARGET_NAME = Upright;
			};
			name = Release;
		};
/* End XCBuildConfiguration section */

/* Begin XCConfigurationList section */
		A26B2E9427C6BF9E00938DB1 /* Build configuration list for PBXProject "Upright" */ = {
			isa = XCConfigurationList;
			buildConfigurations = (
				A26B2EC127C6BF9F00938DB1 /* Debug */,
				A26B2EC227C6BF9F00938DB1 /* Release */,
			);
			defaultConfigurationIsVisible = 0;
			defaultConfigurationName = Release;
		};
		A26B2EC327C6BF9F00938DB1 /* Build configuration list for PBXNativeTarget "Upright" */ = {
			isa = XCConfigurationList;
			buildConfigurations = (
				A26B2EC427C6BF9F00938DB1 /* Debug */,
				A26B2EC527C6BF9F00938DB1 /* Release */,
			);
			defaultConfigurationIsVisible = 0;
			defaultConfigurationName = Release;
		};
		A26B2EC627C6BF9F00938DB1 /* Build configuration list for PBXNativeTarget "UprightTests" */ = {
			isa = XCConfigurationList;
			buildConfigurations = (
				A26B2EC727C6BF9F00938DB1 /* Debug */,
				A26B2EC827C6BF9F00938DB1 /* Release */,
			);
			defaultConfigurationIsVisible = 0;
			defaultConfigurationName = Release;
		};
		A26B2EC927C6BF9F00938DB1 /* Build configuration list for PBXNativeTarget "UprightUITests" */ = {
			isa = XCConfigurationList;
			buildConfigurations = (
				A26B2ECA27C6BF9F00938DB1 /* Debug */,
				A26B2ECB27C6BF9F00938DB1 /* Release */,
			);
			defaultConfigurationIsVisible = 0;
			defaultConfigurationName = Release;
		};
/* End XCConfigurationList section */

/* Begin XCRemoteSwiftPackageReference section */
		A27E5DDB27C98BF5004C790D /* XCRemoteSwiftPackageReference "PostgresClientKit" */ = {
			isa = XCRemoteSwiftPackageReference;
			repositoryURL = "https://github.com/codewinsdotcom/PostgresClientKit.git";
			requirement = {
				branch = master;
				kind = branch;
			};
		};
/* End XCRemoteSwiftPackageReference section */

/* Begin XCSwiftPackageProductDependency section */
		A27E5DDD27C98DDA004C790D /* PostgresClientKit */ = {
			isa = XCSwiftPackageProductDependency;
			package = A27E5DDB27C98BF5004C790D /* XCRemoteSwiftPackageReference "PostgresClientKit" */;
			productName = PostgresClientKit;
		};
/* End XCSwiftPackageProductDependency section */
	};
	rootObject = A26B2E9127C6BF9E00938DB1 /* Project object */;
}
